# This file is generated by running "yarn install" inside your project.
# Manual changes might be lost - proceed with caution!

__metadata:
  version: 9
  cacheKey: 10c0

"hw-9@workspace:.":
  version: 0.0.0-use.local
  resolution: "hw-9@workspace:."
  dependencies:
    normalize.css: "npm:^8.0.1"
  languageName: unknown
  linkType: soft

"normalize.css@npm:^8.0.1":
  version: 8.0.1
  resolution: "normalize.css@npm:8.0.1"
  checksum: 10c0/4ddf56d1af5ca755fa5e692e718316d8758ecb792aa96e1ad206824b5810a043763d681d6f7697d46573515f5e9690038b4c91a95c1997567128815545fb8cd7
  languageName: node
  linkType: hard
